{
  "name": "node-starter",
  "version": "0.0.0",
  "lockfileVersion": 2,
  "requires": true,
  "packages": {
    "": {
      "name": "node-starter",
      "version": "0.0.0",
      "dependencies": {
        "xmllint": "^0.1.1"
      }
    },
    "node_modules/xmllint": {
      "version": "0.1.1",
      "resolved": "https://registry.npmjs.org/xmllint/-/xmllint-0.1.1.tgz",
      "integrity": "sha512-yXa09o/w2E+OLQVbgRyuz1n5o4ZodV8n/iBXwLKQNR6GcfWL8vF8uApjBFKTzhq7sCABtkRXCwEE3+vtkm/Wqg=="
    }
  },
  "dependencies": {
    "xmllint": {
      "version": "0.1.1",
      "resolved": "https://registry.npmjs.org/xmllint/-/xmllint-0.1.1.tgz",
      "integrity": "sha512-yXa09o/w2E+OLQVbgRyuz1n5o4ZodV8n/iBXwLKQNR6GcfWL8vF8uApjBFKTzhq7sCABtkRXCwEE3+vtkm/Wqg=="
    }
  }
}
